// !$*UTF8*$!
{
	archiveVersion = 1;
	classes = {
	};
	objectVersion = 46;
	objects = {

/* Begin PBXBuildFile section */
		032C2B2117611B310046F2FE /* UserModel.m in Sources */ = {isa = PBXBuildFile; fileRef = 032C2B2017611B310046F2FE /* UserModel.m */; };
		037213F8174AD88F009B7913 /* UIKit.framework in Frameworks */ = {isa = PBXBuildFile; fileRef = 037213F7174AD88F009B7913 /* UIKit.framework */; };
		037213FA174AD88F009B7913 /* Foundation.framework in Frameworks */ = {isa = PBXBuildFile; fileRef = 037213F9174AD88F009B7913 /* Foundation.framework */; };
		037213FC174AD88F009B7913 /* CoreGraphics.framework in Frameworks */ = {isa = PBXBuildFile; fileRef = 037213FB174AD88F009B7913 /* CoreGraphics.framework */; };
		03721402174AD88F009B7913 /* InfoPlist.strings in Resources */ = {isa = PBXBuildFile; fileRef = 03721400174AD88F009B7913 /* InfoPlist.strings */; };
		03721404174AD88F009B7913 /* main.m in Sources */ = {isa = PBXBuildFile; fileRef = 03721403174AD88F009B7913 /* main.m */; };
		03721408174AD88F009B7913 /* AppDelegate.m in Sources */ = {isa = PBXBuildFile; fileRef = 03721407174AD88F009B7913 /* AppDelegate.m */; };
		0372140A174AD88F009B7913 /* Default.png in Resources */ = {isa = PBXBuildFile; fileRef = 03721409174AD88F009B7913 /* Default.png */; };
		0372140C174AD88F009B7913 /* Default@2x.png in Resources */ = {isa = PBXBuildFile; fileRef = 0372140B174AD88F009B7913 /* Default@2x.png */; };
		0372140E174AD88F009B7913 /* Default-568h@2x.png in Resources */ = {isa = PBXBuildFile; fileRef = 0372140D174AD88F009B7913 /* Default-568h@2x.png */; };
		03721411174AD88F009B7913 /* ViewController.m in Sources */ = {isa = PBXBuildFile; fileRef = 03721410174AD88F009B7913 /* ViewController.m */; };
		03721414174AD88F009B7913 /* ViewController.xib in Resources */ = {isa = PBXBuildFile; fileRef = 03721412174AD88F009B7913 /* ViewController.xib */; };
		0372141D174AD8D9009B7913 /* ProtocolModel.m in Sources */ = {isa = PBXBuildFile; fileRef = 0372141C174AD8D9009B7913 /* ProtocolModel.m */; };
/* End PBXBuildFile section */

/* Begin PBXFileReference section */
		032C2B1F17611B310046F2FE /* UserModel.h */ = {isa = PBXFileReference; fileEncoding = 4; lastKnownFileType = sourcecode.c.h; path = UserModel.h; sourceTree = "<group>"; };
		032C2B2017611B310046F2FE /* UserModel.m */ = {isa = PBXFileReference; fileEncoding = 4; lastKnownFileType = sourcecode.c.objc; path = UserModel.m; sourceTree = "<group>"; };
		037213F4174AD88F009B7913 /* Protocol.app */ = {isa = PBXFileReference; explicitFileType = wrapper.application; includeInIndex = 0; path = Protocol.app; sourceTree = BUILT_PRODUCTS_DIR; };
		037213F7174AD88F009B7913 /* UIKit.framework */ = {isa = PBXFileReference; lastKnownFileType = wrapper.framework; name = UIKit.framework; path = System/Library/Frameworks/UIKit.framework; sourceTree = SDKROOT; };
		037213F9174AD88F009B7913 /* Foundation.framework */ = {isa = PBXFileReference; lastKnownFileType = wrapper.framework; name = Foundation.framework; path = System/Library/Frameworks/Foundation.framework; sourceTree = SDKROOT; };
		037213FB174AD88F009B7913 /* CoreGraphics.framework */ = {isa = PBXFileReference; lastKnownFileType = wrapper.framework; name = CoreGraphics.framework; path = System/Library/Frameworks/CoreGraphics.framework; sourceTree = SDKROOT; };
		037213FF174AD88F009B7913 /* Protocol-Info.plist */ = {isa = PBXFileReference; lastKnownFileType = text.plist.xml; path = "Protocol-Info.plist"; sourceTree = "<group>"; };
		03721401174AD88F009B7913 /* en */ = {isa = PBXFileReference; lastKnownFileType = text.plist.strings; name = en; path = en.lproj/InfoPlist.strings; sourceTree = "<group>"; };
		03721403174AD88F009B7913 /* main.m */ = {isa = PBXFileReference; lastKnownFileType = sourcecode.c.objc; path = main.m; sourceTree = "<group>"; };
		03721405174AD88F009B7913 /* Protocol-Prefix.pch */ = {isa = PBXFileReference; lastKnownFileType = sourcecode.c.h; path = "Protocol-Prefix.pch"; sourceTree = "<group>"; };
		03721406174AD88F009B7913 /* AppDelegate.h */ = {isa = PBXFileReference; lastKnownFileType = sourcecode.c.h; path = AppDelegate.h; sourceTree = "<group>"; };
		03721407174AD88F009B7913 /* AppDelegate.m */ = {isa = PBXFileReference; lastKnownFileType = sourcecode.c.objc; path = AppDelegate.m; sourceTree = "<group>"; };
		03721409174AD88F009B7913 /* Default.png */ = {isa = PBXFileReference; lastKnownFileType = image.png; path = Default.png; sourceTree = "<group>"; };
		0372140B174AD88F009B7913 /* Default@2x.png */ = {isa = PBXFileReference; lastKnownFileType = image.png; path = "Default@2x.png"; sourceTree = "<group>"; };
		0372140D174AD88F009B7913 /* Default-568h@2x.png */ = {isa = PBXFileReference; lastKnownFileType = image.png; path = "Default-568h@2x.png"; sourceTree = "<group>"; };
		0372140F174AD88F009B7913 /* ViewController.h */ = {isa = PBXFileReference; lastKnownFileType = sourcecode.c.h; path = ViewController.h; sourceTree = "<group>"; };
		03721410174AD88F009B7913 /* ViewController.m */ = {isa = PBXFileReference; lastKnownFileType = sourcecode.c.objc; path = ViewController.m; sourceTree = "<group>"; };
		03721413174AD88F009B7913 /* en */ = {isa = PBXFileReference; lastKnownFileType = file.xib; name = en; path = en.lproj/ViewController.xib; sourceTree = "<group>"; };
		0372141B174AD8D9009B7913 /* ProtocolModel.h */ = {isa = PBXFileReference; fileEncoding = 4; lastKnownFileType = sourcecode.c.h; path = ProtocolModel.h; sourceTree = "<group>"; };
		0372141C174AD8D9009B7913 /* ProtocolModel.m */ = {isa = PBXFileReference; fileEncoding = 4; lastKnownFileType = sourcecode.c.objc; path = ProtocolModel.m; sourceTree = "<group>"; };
/* End PBXFileReference section */

/* Begin PBXFrameworksBuildPhase section */
		037213F1174AD88F009B7913 /* Frameworks */ = {
			isa = PBXFrameworksBuildPhase;
			buildActionMask = 2147483647;
			files = (
				037213F8174AD88F009B7913 /* UIKit.framework in Frameworks */,
				037213FA174AD88F009B7913 /* Foundation.framework in Frameworks */,
				037213FC174AD88F009B7913 /* CoreGraphics.framework in Frameworks */,
			);
			runOnlyForDeploymentPostprocessing = 0;
		};
/* End PBXFrameworksBuildPhase section */

/* Begin PBXGroup section */
		037213EB174AD88F009B7913 = {
			isa = PBXGroup;
			children = (
				0372141A174AD8D9009B7913 /* Classes */,
				037213FD174AD88F009B7913 /* Protocol */,
				037213F6174AD88F009B7913 /* Frameworks */,
				037213F5174AD88F009B7913 /* Products */,
			);
			sourceTree = "<group>";
		};
		037213F5174AD88F009B7913 /* Products */ = {
			isa = PBXGroup;
			children = (
				037213F4174AD88F009B7913 /* Protocol.app */,
			);
			name = Products;
			sourceTree = "<group>";
		};
		037213F6174AD88F009B7913 /* Frameworks */ = {
			isa = PBXGroup;
			children = (
				037213F7174AD88F009B7913 /* UIKit.framework */,
				037213F9174AD88F009B7913 /* Foundation.framework */,
				037213FB174AD88F009B7913 /* CoreGraphics.framework */,
			);
			name = Frameworks;
			sourceTree = "<group>";
		};
		037213FD174AD88F009B7913 /* Protocol */ = {
			isa = PBXGroup;
			children = (
				03721406174AD88F009B7913 /* AppDelegate.h */,
				03721407174AD88F009B7913 /* AppDelegate.m */,
				0372140F174AD88F009B7913 /* ViewController.h */,
				03721410174AD88F009B7913 /* ViewController.m */,
				03721412174AD88F009B7913 /* ViewController.xib */,
				0372141E174AD96F009B7913 /* ExampleModels */,
				037213FE174AD88F009B7913 /* Supporting Files */,
			);
			path = Protocol;
			sourceTree = "<group>";
		};
		037213FE174AD88F009B7913 /* Supporting Files */ = {
			isa = PBXGroup;
			children = (
				037213FF174AD88F009B7913 /* Protocol-Info.plist */,
				03721400174AD88F009B7913 /* InfoPlist.strings */,
				03721403174AD88F009B7913 /* main.m */,
				03721405174AD88F009B7913 /* Protocol-Prefix.pch */,
				03721409174AD88F009B7913 /* Default.png */,
				0372140B174AD88F009B7913 /* Default@2x.png */,
				0372140D174AD88F009B7913 /* Default-568h@2x.png */,
			);
			name = "Supporting Files";
			sourceTree = "<group>";
		};
		0372141A174AD8D9009B7913 /* Classes */ = {
			isa = PBXGroup;
			children = (
				0372141B174AD8D9009B7913 /* ProtocolModel.h */,
				0372141C174AD8D9009B7913 /* ProtocolModel.m */,
			);
			name = Classes;
			path = Protocol/Classes;
			sourceTree = "<group>";
		};
		0372141E174AD96F009B7913 /* ExampleModels */ = {
			isa = PBXGroup;
			children = (
				032C2B1F17611B310046F2FE /* UserModel.h */,
				032C2B2017611B310046F2FE /* UserModel.m */,
			);
			name = ExampleModels;
			sourceTree = "<group>";
		};
/* End PBXGroup section */

/* Begin PBXNativeTarget section */
		037213F3174AD88F009B7913 /* Protocol */ = {
			isa = PBXNativeTarget;
			buildConfigurationList = 03721417174AD88F009B7913 /* Build configuration list for PBXNativeTarget "Protocol" */;
			buildPhases = (
				037213F0174AD88F009B7913 /* Sources */,
				037213F1174AD88F009B7913 /* Frameworks */,
				037213F2174AD88F009B7913 /* Resources */,
			);
			buildRules = (
			);
			dependencies = (
			);
			name = Protocol;
			productName = Protocol;
			productReference = 037213F4174AD88F009B7913 /* Protocol.app */;
			productType = "com.apple.product-type.application";
		};
/* End PBXNativeTarget section */

/* Begin PBXProject section */
		037213EC174AD88F009B7913 /* Project object */ = {
			isa = PBXProject;
			attributes = {
				LastUpgradeCheck = 0460;
				ORGANIZATIONNAME = "Josh Holtz";
			};
			buildConfigurationList = 037213EF174AD88F009B7913 /* Build configuration list for PBXProject "Protocol" */;
			compatibilityVersion = "Xcode 3.2";
			developmentRegion = English;
			hasScannedForEncodings = 0;
			knownRegions = (
				en,
			);
			mainGroup = 037213EB174AD88F009B7913;
			productRefGroup = 037213F5174AD88F009B7913 /* Products */;
			projectDirPath = "";
			projectRoot = "";
			targets = (
				037213F3174AD88F009B7913 /* Protocol */,
			);
		};
/* End PBXProject section */

/* Begin PBXResourcesBuildPhase section */
		037213F2174AD88F009B7913 /* Resources */ = {
			isa = PBXResourcesBuildPhase;
			buildActionMask = 2147483647;
			files = (
				03721402174AD88F009B7913 /* InfoPlist.strings in Resources */,
				0372140A174AD88F009B7913 /* Default.png in Resources */,
				0372140C174AD88F009B7913 /* Default@2x.png in Resources */,
				0372140E174AD88F009B7913 /* Default-568h@2x.png in Resources */,
				03721414174AD88F009B7913 /* ViewController.xib in Resources */,
			);
			runOnlyForDeploymentPostprocessing = 0;
		};
/* End PBXResourcesBuildPhase section */

/* Begin PBXSourcesBuildPhase section */
		037213F0174AD88F009B7913 /* Sources */ = {
			isa = PBXSourcesBuildPhase;
			buildActionMask = 2147483647;
			files = (
				03721404174AD88F009B7913 /* main.m in Sources */,
				03721408174AD88F009B7913 /* AppDelegate.m in Sources */,
				03721411174AD88F009B7913 /* ViewController.m in Sources */,
				0372141D174AD8D9009B7913 /* ProtocolModel.m in Sources */,
				032C2B2117611B310046F2FE /* UserModel.m in Sources */,
			);
			runOnlyForDeploymentPostprocessing = 0;
		};
/* End PBXSourcesBuildPhase section */

/* Begin PBXVariantGroup section */
		03721400174AD88F009B7913 /* InfoPlist.strings */ = {
			isa = PBXVariantGroup;
			children = (
				03721401174AD88F009B7913 /* en */,
			);
			name = InfoPlist.strings;
			sourceTree = "<group>";
		};
		03721412174AD88F009B7913 /* ViewController.xib */ = {
			isa = PBXVariantGroup;
			children = (
				03721413174AD88F009B7913 /* en */,
			);
			name = ViewController.xib;
			sourceTree = "<group>";
		};
/* End PBXVariantGroup section */

/* Begin XCBuildConfiguration section */
		03721415174AD88F009B7913 /* Debug */ = {
			isa = XCBuildConfiguration;
			buildSettings = {
				ALWAYS_SEARCH_USER_PATHS = NO;
				CLANG_CXX_LANGUAGE_STANDARD = "gnu++0x";
				CLANG_CXX_LIBRARY = "libc++";
				CLANG_ENABLE_OBJC_ARC = YES;
				CLANG_WARN_CONSTANT_CONVERSION = YES;
				CLANG_WARN_EMPTY_BODY = YES;
				CLANG_WARN_ENUM_CONVERSION = YES;
				CLANG_WARN_INT_CONVERSION = YES;
				CLANG_WARN__DUPLICATE_METHOD_MATCH = YES;
				"CODE_SIGN_IDENTITY[sdk=iphoneos*]" = "iPhone Developer";
				COPY_PHASE_STRIP = NO;
				GCC_C_LANGUAGE_STANDARD = gnu99;
				GCC_DYNAMIC_NO_PIC = NO;
				GCC_OPTIMIZATION_LEVEL = 0;
				GCC_PREPROCESSOR_DEFINITIONS = (
					"DEBUG=1",
					"$(inherited)",
				);
				GCC_SYMBOLS_PRIVATE_EXTERN = NO;
				GCC_WARN_ABOUT_RETURN_TYPE = YES;
				GCC_WARN_UNINITIALIZED_AUTOS = YES;
				GCC_WARN_UNUSED_VARIABLE = YES;
				IPHONEOS_DEPLOYMENT_TARGET = 6.1;
				ONLY_ACTIVE_ARCH = YES;
				SDKROOT = iphoneos;
			};
			name = Debug;
		};
		03721416174AD88F009B7913 /* Release */ = {
			isa = XCBuildConfiguration;
			buildSettings = {
				ALWAYS_SEARCH_USER_PATHS = NO;
				CLANG_CXX_LANGUAGE_STANDARD = "gnu++0x";
				CLANG_CXX_LIBRARY = "libc++";
				CLANG_ENABLE_OBJC_ARC = YES;
				CLANG_WARN_CONSTANT_CONVERSION = YES;
				CLANG_WARN_EMPTY_BODY = YES;
				CLANG_WARN_ENUM_CONVERSION = YES;
				CLANG_WARN_INT_CONVERSION = YES;
				CLANG_WARN__DUPLICATE_METHOD_MATCH = YES;
				"CODE_SIGN_IDENTITY[sdk=iphoneos*]" = "iPhone Developer";
				COPY_PHASE_STRIP = YES;
				GCC_C_LANGUAGE_STANDARD = gnu99;
				GCC_WARN_ABOUT_RETURN_TYPE = YES;
				GCC_WARN_UNINITIALIZED_AUTOS = YES;
				GCC_WARN_UNUSED_VARIABLE = YES;
				IPHONEOS_DEPLOYMENT_TARGET = 6.1;
				OTHER_CFLAGS = "-DNS_BLOCK_ASSERTIONS=1";
				SDKROOT = iphoneos;
				VALIDATE_PRODUCT = YES;
			};
			name = Release;
		};
		03721418174AD88F009B7913 /* Debug */ = {
			isa = XCBuildConfiguration;
			buildSettings = {
				GCC_PRECOMPILE_PREFIX_HEADER = YES;
				GCC_PREFIX_HEADER = "Protocol/Protocol-Prefix.pch";
				INFOPLIST_FILE = "Protocol/Protocol-Info.plist";
				PRODUCT_NAME = "$(TARGET_NAME)";
				WRAPPER_EXTENSION = app;
			};
			name = Debug;
		};
		03721419174AD88F009B7913 /* Release */ = {
			isa = XCBuildConfiguration;
			buildSettings = {
				GCC_PRECOMPILE_PREFIX_HEADER = YES;
				GCC_PREFIX_HEADER = "Protocol/Protocol-Prefix.pch";
				INFOPLIST_FILE = "Protocol/Protocol-Info.plist";
				PRODUCT_NAME = "$(TARGET_NAME)";
				WRAPPER_EXTENSION = app;
			};
			name = Release;
		};
/* End XCBuildConfiguration section */

/* Begin XCConfigurationList section */
		037213EF174AD88F009B7913 /* Build configuration list for PBXProject "Protocol" */ = {
			isa = XCConfigurationList;
			buildConfigurations = (
				03721415174AD88F009B7913 /* Debug */,
				03721416174AD88F009B7913 /* Release */,
			);
			defaultConfigurationIsVisible = 0;
			defaultConfigurationName = Release;
		};
		03721417174AD88F009B7913 /* Build configuration list for PBXNativeTarget "Protocol" */ = {
			isa = XCConfigurationList;
			buildConfigurations = (
				03721418174AD88F009B7913 /* Debug */,
				03721419174AD88F009B7913 /* Release */,
			);
			defaultConfigurationIsVisible = 0;
			defaultConfigurationName = Release;
		};
/* End XCConfigurationList section */
	};
	rootObject = 037213EC174AD88F009B7913 /* Project object */;
}
